
Microsoft Visual Studio Solution File, Format Version 12.00
# Visual Studio Version 17
VisualStudioVersion = 17.11.35431.28
MinimumVisualStudioVersion = 10.0.40219.1
Project("{FAE04EC0-301F-11D3-BF4B-00C04F79EFBC}") = "ToDo", "ToDo\ToDo.csproj", "{1C0D651B-6475-4015-A1EF-3D22C46DF799}"
EndProject
Global
	GlobalSection(SolutionConfigurationPlatforms) = preSolution
		Debug|Any CPU = Debug|Any CPU
		Release|Any CPU = Release|Any CPU
	EndGlobalSection
	GlobalSection(ProjectConfigurationPlatforms) = postSolution
		{1C0D651B-6475-4015-A1EF-3D22C46DF799}.Debug|Any CPU.ActiveCfg = Debug|Any CPU
		{1C0D651B-6475-4015-A1EF-3D22C46DF799}.Debug|Any CPU.Build.0 = Debug|Any CPU
		{1C0D651B-6475-4015-A1EF-3D22C46DF799}.Release|Any CPU.ActiveCfg = Release|Any CPU
		{1C0D651B-6475-4015-A1EF-3D22C46DF799}.Release|Any CPU.Build.0 = Release|Any CPU
	EndGlobalSection
	GlobalSection(SolutionProperties) = preSolution
		HideSolutionNode = FALSE
	EndGlobalSection
	GlobalSection(ExtensibilityGlobals) = postSolution
		SolutionGuid = {B522939C-6B2D-40C8-9BBC-F4E2CA9BDAEA}
	EndGlobalSection
EndGlobal
